github.com/DurantVivado/reedsolomon v0.0.1 h1:68MxPbTgb17IjAsIsFTjxUL7y4sshqCMGc6GJt0qCKs=
github.com/DurantVivado/reedsolomon v0.0.1/go.mod h1:mL9q9lpLK6GB3oTRDLyza88qqvW6xUlFZHvDrBExMds=
github.com/klauspost/cpuid/v2 v2.0.9 h1:lgaqFMSdTdQYdZ04uHyN2d/eKdOMyi2YLSvlQIBFYa4=
github.com/klauspost/cpuid/v2 v2.0.9/go.mod h1:FInQzS24/EEf25PyTYn52gqo7WaD8xa0213Md/qVLRg=
github.com/pkg/profile v1.6.0 h1:hUDfIISABYI59DyeB3OTay/HxSRwTQ8rB/H83k6r5dM=
github.com/pkg/profile v1.6.0/go.mod h1:qBsxPvzyUincmltOk6iyRVxHYg4adc0OFOv72ZdLa18=
golang.org/x/sync v0.0.0-20210220032951-036812b2e83c h1:5KslGYwFpkhGh+Q16bwMP3cOontH8FOep7tGV86Y7SQ=
golang.org/x/sync v0.0.0-20210220032951-036812b2e83c/go.mod h1:RxMgew5VJxzue5/jJTE5uejpjVlOe/izrB70Jof72aM=
